
Microsoft Visual Studio Solution File, Format Version 12.00
# Visual Studio 14
VisualStudioVersion = 14.0.25420.1
MinimumVisualStudioVersion = 10.0.40219.1
Project("{FAE04EC0-301F-11D3-BF4B-00C04F79EFBC}") = "FT.MvcApp", "FT.MvcApp\FT.MvcApp.csproj", "{71CE3FE4-59E0-4676-B06D-99DD544B887B}"
EndProject
Project("{FAE04EC0-301F-11D3-BF4B-00C04F79EFBC}") = "FT.Entities", "FT.Entities\FT.Entities.csproj", "{0CF880D2-5EF1-4365-8183-D35A54E7F40F}"
EndProject
Project("{FAE04EC0-301F-11D3-BF4B-00C04F79EFBC}") = "FT.Repositories", "FT.Repositories\FT.Repositories.csproj", "{21B70A6E-E5B5-4181-9F1B-99F93E93676E}"
EndProject
Global
	GlobalSection(SolutionConfigurationPlatforms) = preSolution
		Debug|Any CPU = Debug|Any CPU
		Release|Any CPU = Release|Any CPU
	EndGlobalSection
	GlobalSection(ProjectConfigurationPlatforms) = postSolution
		{71CE3FE4-59E0-4676-B06D-99DD544B887B}.Debug|Any CPU.ActiveCfg = Debug|Any CPU
		{71CE3FE4-59E0-4676-B06D-99DD544B887B}.Debug|Any CPU.Build.0 = Debug|Any CPU
		{71CE3FE4-59E0-4676-B06D-99DD544B887B}.Release|Any CPU.ActiveCfg = Release|Any CPU
		{71CE3FE4-59E0-4676-B06D-99DD544B887B}.Release|Any CPU.Build.0 = Release|Any CPU
		{0CF880D2-5EF1-4365-8183-D35A54E7F40F}.Debug|Any CPU.ActiveCfg = Debug|Any CPU
		{0CF880D2-5EF1-4365-8183-D35A54E7F40F}.Debug|Any CPU.Build.0 = Debug|Any CPU
		{0CF880D2-5EF1-4365-8183-D35A54E7F40F}.Release|Any CPU.ActiveCfg = Release|Any CPU
		{0CF880D2-5EF1-4365-8183-D35A54E7F40F}.Release|Any CPU.Build.0 = Release|Any CPU
		{21B70A6E-E5B5-4181-9F1B-99F93E93676E}.Debug|Any CPU.ActiveCfg = Debug|Any CPU
		{21B70A6E-E5B5-4181-9F1B-99F93E93676E}.Debug|Any CPU.Build.0 = Debug|Any CPU
		{21B70A6E-E5B5-4181-9F1B-99F93E93676E}.Release|Any CPU.ActiveCfg = Release|Any CPU
		{21B70A6E-E5B5-4181-9F1B-99F93E93676E}.Release|Any CPU.Build.0 = Release|Any CPU
	EndGlobalSection
	GlobalSection(SolutionProperties) = preSolution
		HideSolutionNode = FALSE
	EndGlobalSection
EndGlobal
